
Microsoft Visual Studio Solution File, Format Version 12.00
# Visual Studio 15
VisualStudioVersion = 15.0.26730.15
MinimumVisualStudioVersion = 10.0.40219.1
Project("{FAE04EC0-301F-11D3-BF4B-00C04F79EFBC}") = "poc.UtilizandoSwagger", "poc.UtilizandoSwagger\poc.UtilizandoSwagger.csproj", "{4D612D8C-0391-484B-856A-2DDB194EA589}"
EndProject
Global
	GlobalSection(SolutionConfigurationPlatforms) = preSolution
		Debug|Any CPU = Debug|Any CPU
		Release|Any CPU = Release|Any CPU
	EndGlobalSection
	GlobalSection(ProjectConfigurationPlatforms) = postSolution
		{4D612D8C-0391-484B-856A-2DDB194EA589}.Debug|Any CPU.ActiveCfg = Debug|Any CPU
		{4D612D8C-0391-484B-856A-2DDB194EA589}.Debug|Any CPU.Build.0 = Debug|Any CPU
		{4D612D8C-0391-484B-856A-2DDB194EA589}.Release|Any CPU.ActiveCfg = Release|Any CPU
		{4D612D8C-0391-484B-856A-2DDB194EA589}.Release|Any CPU.Build.0 = Release|Any CPU
	EndGlobalSection
	GlobalSection(SolutionProperties) = preSolution
		HideSolutionNode = FALSE
	EndGlobalSection
	GlobalSection(ExtensibilityGlobals) = postSolution
		SolutionGuid = {3675503B-E2C6-4583-A96E-6FCFBC15D99F}
	EndGlobalSection
EndGlobal
